
Microsoft Visual Studio Solution File, Format Version 12.00
# Visual Studio Version 17
VisualStudioVersion = 17.14.36203.30 d17.14
MinimumVisualStudioVersion = 10.0.40219.1
Project("{FAE04EC0-301F-11D3-BF4B-00C04F79EFBC}") = "jsonWebTokenDotnet9", "jsonWebTokenDotnet9.csproj", "{ED984F42-45D5-4E93-B414-3EB89E19BA09}"
EndProject
Global
	GlobalSection(SolutionConfigurationPlatforms) = preSolution
		Debug|Any CPU = Debug|Any CPU
		Release|Any CPU = Release|Any CPU
	EndGlobalSection
	GlobalSection(ProjectConfigurationPlatforms) = postSolution
		{ED984F42-45D5-4E93-B414-3EB89E19BA09}.Debug|Any CPU.ActiveCfg = Debug|Any CPU
		{ED984F42-45D5-4E93-B414-3EB89E19BA09}.Debug|Any CPU.Build.0 = Debug|Any CPU
		{ED984F42-45D5-4E93-B414-3EB89E19BA09}.Release|Any CPU.ActiveCfg = Release|Any CPU
		{ED984F42-45D5-4E93-B414-3EB89E19BA09}.Release|Any CPU.Build.0 = Release|Any CPU
	EndGlobalSection
	GlobalSection(SolutionProperties) = preSolution
		HideSolutionNode = FALSE
	EndGlobalSection
	GlobalSection(ExtensibilityGlobals) = postSolution
		SolutionGuid = {4A2F9F06-967D-40A4-910C-E929C476A7E2}
	EndGlobalSection
EndGlobal
